// !$*UTF8*$!
{
	archiveVersion = 1;
	classes = {
	};
	objectVersion = 77;
	objects = {

/* Begin PBXContainerItemProxy section */
		04E8CB0630488AD00067ACC6 /* PBXContainerItemProxy */ = {
			isa = PBXContainerItemProxy;
			containerPortal = 04E8CAE730488ACE0067ACC6 /* Project object */;
			proxyType = 1;
			remoteGlobalIDString = 04E8CAEE30488ACE0067ACC6;
			remoteInfo = AKPlayerDemoUIKit;
		};
		04E8CB1030488AD00067ACC6 /* PBXContainerItemProxy */ = {
			isa = PBXContainerItemProxy;
			containerPortal = 04E8CAE730488ACE0067ACC6 /* Project object */;
			proxyType = 1;
			remoteGlobalIDString = 04E8CAEE30488ACE0067ACC6;
			remoteInfo = AKPlayerDemoUIKit;
		};
/* End PBXContainerItemProxy section */

/* Begin PBXFileReference section */
		04E8CAEF30488ACE0067ACC6 /* AKPlayerDemoUIKit.app */ = {isa = PBXFileReference; explicitFileType = wrapper.application; includeInIndex = 0; path = AKPlayerDemoUIKit.app; sourceTree = BUILT_PRODUCTS_DIR; };
		04E8CB0530488AD00067ACC6 /* AKPlayerDemoUIKitTests.xctest */ = {isa = PBXFileReference; explicitFileType = wrapper.cfbundle; includeInIndex = 0; path = AKPlayerDemoUIKitTests.xctest; sourceTree = BUILT_PRODUCTS_DIR; };
		04E8CB0F30488AD00067ACC6 /* AKPlayerDemoUIKitUITests.xctest */ = {isa = PBXFileReference; explicitFileType = wrapper.cfbundle; includeInIndex = 0; path = AKPlayerDemoUIKitUITests.xctest; sourceTree = BUILT_PRODUCTS_DIR; };
/* End PBXFileReference section */

/* Begin PBXFileSystemSynchronizedBuildFileExceptionSet section */
		04E8CB1730488AD00067ACC6 /* Exceptions for "AKPlayerDemoUIKit" folder in "AKPlayerDemoUIKit" target */ = {
			isa = PBXFileSystemSynchronizedBuildFileExceptionSet;
			membershipExceptions = (
				Info.plist,
			);
			target = 04E8CAEE30488ACE0067ACC6 /* AKPlayerDemoUIKit */;
		};
/* End PBXFileSystemSynchronizedBuildFileExceptionSet section */

/* Begin PBXFileSystemSynchronizedRootGroup section */
		04E8CAF130488ACE0067ACC6 /* AKPlayerDemoUIKit */ = {
			isa = PBXFileSystemSynchronizedRootGroup;
			exceptions = (
				04E8CB1730488AD00067ACC6 /* Exceptions for "AKPlayerDemoUIKit" folder in "AKPlayerDemoUIKit" target */,
			);
			path = AKPlayerDemoUIKit;
			sourceTree = "<group>";
		};
		04E8CB0830488AD00067ACC6 /* AKPlayerDemoUIKitTests */ = {
			isa = PBXFileSystemSynchronizedRootGroup;
			path = AKPlayerDemoUIKitTests;
			sourceTree = "<group>";
		};
		04E8CB1230488AD00067ACC6 /* AKPlayerDemoUIKitUITests */ = {
			isa = PBXFileSystemSynchronizedRootGroup;
			path = AKPlayerDemoUIKitUITests;
			sourceTree = "<group>";
		};
/* End PBXFileSystemSynchronizedRootGroup section */

/* Begin PBXFrameworksBuildPhase section */
		04E8CAEC30488ACE0067ACC6 /* Frameworks */ = {
			isa = PBXFrameworksBuildPhase;
			buildActionMask = 2147483647;
			files = (
			);
			runOnlyForDeploymentPostprocessing = 0;
		};
		04E8CB0230488AD00067ACC6 /* Frameworks */ = {
			isa = PBXFrameworksBuildPhase;
			buildActionMask = 2147483647;
			files = (
			);
			runOnlyForDeploymentPostprocessing = 0;
		};
		04E8CB0C30488AD00067ACC6 /* Frameworks */ = {
			isa = PBXFrameworksBuildPhase;
			buildActionMask = 2147483647;
			files = (
			);
			runOnlyForDeploymentPostprocessing = 0;
		};
/* End PBXFrameworksBuildPhase section */

/* Begin PBXGroup section */
		04E8CAE630488ACE0067ACC6 = {
			isa = PBXGroup;
			children = (
				04E8CAF130488ACE0067ACC6 /* AKPlayerDemoUIKit */,
				04E8CB0830488AD00067ACC6 /* AKPlayerDemoUIKitTests */,
				04E8CB1230488AD00067ACC6 /* AKPlayerDemoUIKitUITests */,
				04E8CAF030488ACE0067ACC6 /* Products */,
			);
			sourceTree = "<group>";
		};
		04E8CAF030488ACE0067ACC6 /* Products */ = {
			isa = PBXGroup;
			children = (
				04E8CAEF30488ACE0067ACC6 /* AKPlayerDemoUIKit.app */,
				04E8CB0530488AD00067ACC6 /* AKPlayerDemoUIKitTests.xctest */,
				04E8CB0F30488AD00067ACC6 /* AKPlayerDemoUIKitUITests.xctest */,
			);
			name = Products;
			sourceTree = "<group>";
		};
/* End PBXGroup section */

/* Begin PBXNativeTarget section */
		04E8CAEE30488ACE0067ACC6 /* AKPlayerDemoUIKit */ = {
			isa = PBXNativeTarget;
			buildConfigurationList = 04E8CB1830488AD00067ACC6 /* Build configuration list for PBXNativeTarget "AKPlayerDemoUIKit" */;
			buildPhases = (
				04E8CAEB30488ACE0067ACC6 /* Sources */,
				04E8CAEC30488ACE0067ACC6 /* Frameworks */,
				04E8CAED30488ACE0067ACC6 /* Resources */,
			);
			buildRules = (
			);
			dependencies = (
			);
			fileSystemSynchronizedGroups = (
				04E8CAF130488ACE0067ACC6 /* AKPlayerDemoUIKit */,
			);
			name = AKPlayerDemoUIKit;
			packageProductDependencies = (
			);
			productName = AKPlayerDemoUIKit;
			productReference = 04E8CAEF30488ACE0067ACC6 /* AKPlayerDemoUIKit.app */;
			productType = "com.apple.product-type.application";
		};
		04E8CB0430488AD00067ACC6 /* AKPlayerDemoUIKitTests */ = {
			isa = PBXNativeTarget;
			buildConfigurationList = 04E8CB1D30488AD00067ACC6 /* Build configuration list for PBXNativeTarget "AKPlayerDemoUIKitTests" */;
			buildPhases = (
				04E8CB0130488AD00067ACC6 /* Sources */,
				04E8CB0230488AD00067ACC6 /* Frameworks */,
				04E8CB0330488AD00067ACC6 /* Resources */,
			);
			buildRules = (
			);
			dependencies = (
				04E8CB0730488AD00067ACC6 /* PBXTargetDependency */,
			);
			fileSystemSynchronizedGroups = (
				04E8CB0830488AD00067ACC6 /* AKPlayerDemoUIKitTests */,
			);
			name = AKPlayerDemoUIKitTests;
			packageProductDependencies = (
			);
			productName = AKPlayerDemoUIKitTests;
			productReference = 04E8CB0530488AD00067ACC6 /* AKPlayerDemoUIKitTests.xctest */;
			productType = "com.apple.product-type.bundle.unit-test";
		};
		04E8CB0E30488AD00067ACC6 /* AKPlayerDemoUIKitUITests */ = {
			isa = PBXNativeTarget;
			buildConfigurationList = 04E8CB2030488AD00067ACC6 /* Build configuration list for PBXNativeTarget "AKPlayerDemoUIKitUITests" */;
			buildPhases = (
				04E8CB0B30488AD00067ACC6 /* Sources */,
				04E8CB0C30488AD00067ACC6 /* Frameworks */,
				04E8CB0D30488AD00067ACC6 /* Resources */,
			);
			buildRules = (
			);
			dependencies = (
				04E8CB1130488AD00067ACC6 /* PBXTargetDependency */,
			);
			fileSystemSynchronizedGroups = (
				04E8CB1230488AD00067ACC6 /* AKPlayerDemoUIKitUITests */,
			);
			name = AKPlayerDemoUIKitUITests;
			packageProductDependencies = (
			);
			productName = AKPlayerDemoUIKitUITests;
			productReference = 04E8CB0F30488AD00067ACC6 /* AKPlayerDemoUIKitUITests.xctest */;
			productType = "com.apple.product-type.bundle.ui-testing";
		};
/* End PBXNativeTarget section */

/* Begin PBXProject section */
		04E8CAE730488ACE0067ACC6 /* Project object */ = {
			isa = PBXProject;
			attributes = {
				BuildIndependentTargetsInParallel = 1;
				LastSwiftUpdateCheck = 1640;
				LastUpgradeCheck = 1640;
				TargetAttributes = {
					04E8CAEE30488ACE0067ACC6 = {
						CreatedOnToolsVersion = 16.4;
					};
					04E8CB0430488AD00067ACC6 = {
						CreatedOnToolsVersion = 16.4;
						TestTargetID = 04E8CAEE30488ACE0067ACC6;
					};
					04E8CB0E30488AD00067ACC6 = {
						CreatedOnToolsVersion = 16.4;
						TestTargetID = 04E8CAEE30488ACE0067ACC6;
					};
				};
			};
			buildConfigurationList = 04E8CAEA30488ACE0067ACC6 /* Build configuration list for PBXProject "AKPlayerDemoUIKit" */;
			developmentRegion = en;
			hasScannedForEncodings = 0;
			knownRegions = (
				en,
				Base,
			);
			mainGroup = 04E8CAE630488ACE0067ACC6;
			minimizedProjectReferenceProxies = 1;
			preferredProjectObjectVersion = 77;
			productRefGroup = 04E8CAF030488ACE0067ACC6 /* Products */;
			projectDirPath = "";
			projectRoot = "";
			targets = (
				04E8CAEE30488ACE0067ACC6 /* AKPlayerDemoUIKit */,
				04E8CB0430488AD00067ACC6 /* AKPlayerDemoUIKitTests */,
				04E8CB0E30488AD00067ACC6 /* AKPlayerDemoUIKitUITests */,
			);
		};
/* End PBXProject section */

/* Begin PBXResourcesBuildPhase section */
		04E8CAED30488ACE0067ACC6 /* Resources */ = {
			isa = PBXResourcesBuildPhase;
			buildActionMask = 2147483647;
			files = (
			);
			runOnlyForDeploymentPostprocessing = 0;
		};
		04E8CB0330488AD00067ACC6 /* Resources */ = {
			isa = PBXResourcesBuildPhase;
			buildActionMask = 2147483647;
			files = (
			);
			runOnlyForDeploymentPostprocessing = 0;
		};
		04E8CB0D30488AD00067ACC6 /* Resources */ = {
			isa = PBXResourcesBuildPhase;
			buildActionMask = 2147483647;
			files = (
			);
			runOnlyForDeploymentPostprocessing = 0;
		};
/* End PBXResourcesBuildPhase section */

/* Begin PBXSourcesBuildPhase section */
		04E8CAEB30488ACE0067ACC6 /* Sources */ = {
			isa = PBXSourcesBuildPhase;
			buildActionMask = 2147483647;
			files = (
			);
			runOnlyForDeploymentPostprocessing = 0;
		};
		04E8CB0130488AD00067ACC6 /* Sources */ = {
			isa = PBXSourcesBuildPhase;
			buildActionMask = 2147483647;
			files = (
			);
			runOnlyForDeploymentPostprocessing = 0;
		};
		04E8CB0B30488AD00067ACC6 /* Sources */ = {
			isa = PBXSourcesBuildPhase;
			buildActionMask = 2147483647;
			files = (
			);
			runOnlyForDeploymentPostprocessing = 0;
		};
/* End PBXSourcesBuildPhase section */

/* Begin PBXTargetDependency section */
		04E8CB0730488AD00067ACC6 /* PBXTargetDependency */ = {
			isa = PBXTargetDependency;
			target = 04E8CAEE30488ACE0067ACC6 /* AKPlayerDemoUIKit */;
			targetProxy = 04E8CB0630488AD00067ACC6 /* PBXContainerItemProxy */;
		};
		04E8CB1130488AD00067ACC6 /* PBXTargetDependency */ = {
			isa = PBXTargetDependency;
			target = 04E8CAEE30488ACE0067ACC6 /* AKPlayerDemoUIKit */;
			targetProxy = 04E8CB1030488AD00067ACC6 /* PBXContainerItemProxy */;
		};
/* End PBXTargetDependency section */

/* Begin XCBuildConfiguration section */
		04E8CB1930488AD00067ACC6 /* Debug */ = {
			isa = XCBuildConfiguration;
			buildSettings = {
				ASSETCATALOG_COMPILER_APPICON_NAME = AppIcon;
				ASSETCATALOG_COMPILER_GLOBAL_ACCENT_COLOR_NAME = AccentColor;
				CODE_SIGN_STYLE = Automatic;
				CURRENT_PROJECT_VERSION = 1;
				DEVELOPMENT_TEAM = C96D8ZQ5VQ;
				GENERATE_INFOPLIST_FILE = YES;
				INFOPLIST_FILE = AKPlayerDemoUIKit/Info.plist;
				INFOPLIST_KEY_UIApplicationSupportsIndirectInputEvents = YES;
				INFOPLIST_KEY_UILaunchStoryboardName = LaunchScreen;
				INFOPLIST_KEY_UIMainStoryboardFile = Main;
				INFOPLIST_KEY_UISupportedInterfaceOrientations_iPad = "UIInterfaceOrientationPortrait UIInterfaceOrientationPortraitUpsideDown UIInterfaceOrientationLandscapeLeft UIInterfaceOrientationLandscapeRight";
				INFOPLIST_KEY_UISupportedInterfaceOrientations_iPhone = "UIInterfaceOrientationPortrait UIInterfaceOrientationLandscapeLeft UIInterfaceOrientationLandscapeRight";
				LD_RUNPATH_SEARCH_PATHS = (
					"$(inherited)",
					"@executable_path/Frameworks",
				);
				MARKETING_VERSION = 1.0;
				PRODUCT_BUNDLE_IDENTIFIER = com.akplayer.example.AKPlayerDemoUIKit;
				PRODUCT_NAME = "$(TARGET_NAME)";
				SWIFT_EMIT_LOC_STRINGS = YES;
				SWIFT_VERSION = 5.0;
				TARGETED_DEVICE_FAMILY = "1,2";
			};
			name = Debug;
		};
		04E8CB1A30488AD00067ACC6 /* Release */ = {
			isa = XCBuildConfiguration;
			buildSettings = {
				ASSETCATALOG_COMPILER_APPICON_NAME = AppIcon;
				ASSETCATALOG_COMPILER_GLOBAL_ACCENT_COLOR_NAME = AccentColor;
				CODE_SIGN_STYLE = Automatic;
				CURRENT_PROJECT_VERSION = 1;
				DEVELOPMENT_TEAM = C96D8ZQ5VQ;
				GENERATE_INFOPLIST_FILE = YES;
				INFOPLIST_FILE = AKPlayerDemoUIKit/Info.plist;
				INFOPLIST_KEY_UIApplicationSupportsIndirectInputEvents = YES;
				INFOPLIST_KEY_UILaunchStoryboardName = LaunchScreen;
				INFOPLIST_KEY_UIMainStoryboardFile = Main;
				INFOPLIST_KEY_UISupportedInterfaceOrientations_iPad = "UIInterfaceOrientationPortrait UIInterfaceOrientationPortraitUpsideDown UIInterfaceOrientationLandscapeLeft UIInterfaceOrientationLandscapeRight";
				INFOPLIST_KEY_UISupportedInterfaceOrientations_iPhone = "UIInterfaceOrientationPortrait UIInterfaceOrientationLandscapeLeft UIInterfaceOrientationLandscapeRight";
				LD_RUNPATH_SEARCH_PATHS = (
					"$(inherited)",
					"@executable_path/Frameworks",
				);
				MARKETING_VERSION = 1.0;
				PRODUCT_BUNDLE_IDENTIFIER = com.akplayer.example.AKPlayerDemoUIKit;
				PRODUCT_NAME = "$(TARGET_NAME)";
				SWIFT_EMIT_LOC_STRINGS = YES;
				SWIFT_VERSION = 5.0;
				TARGETED_DEVICE_FAMILY = "1,2";
			};
			name = Release;
		};
		04E8CB1B30488AD00067ACC6 /* Debug */ = {
			isa = XCBuildConfiguration;
			buildSettings = {
				ALWAYS_SEARCH_USER_PATHS = NO;
				ASSETCATALOG_COMPILER_GENERATE_SWIFT_ASSET_SYMBOL_EXTENSIONS = YES;
				CLANG_ANALYZER_NONNULL = YES;
				CLANG_ANALYZER_NUMBER_OBJECT_CONVERSION = YES_AGGRESSIVE;
				CLANG_CXX_LANGUAGE_STANDARD = "gnu++20";
				CLANG_ENABLE_MODULES = YES;
				CLANG_ENABLE_OBJC_ARC = YES;
				CLANG_ENABLE_OBJC_WEAK = YES;
				CLANG_WARN_BLOCK_CAPTURE_AUTORELEASING = YES;
				CLANG_WARN_BOOL_CONVERSION = YES;
				CLANG_WARN_COMMA = YES;
				CLANG_WARN_CONSTANT_CONVERSION = YES;
				CLANG_WARN_DEPRECATED_OBJC_IMPLEMENTATIONS = YES;
				CLANG_WARN_DIRECT_OBJC_ISA_USAGE = YES_ERROR;
				CLANG_WARN_DOCUMENTATION_COMMENTS = YES;
				CLANG_WARN_EMPTY_BODY = YES;
				CLANG_WARN_ENUM_CONVERSION = YES;
				CLANG_WARN_INFINITE_RECURSION = YES;
				CLANG_WARN_INT_CONVERSION = YES;
				CLANG_WARN_NON_LITERAL_NULL_CONVERSION = YES;
				CLANG_WARN_OBJC_IMPLICIT_RETAIN_SELF = YES;
				CLANG_WARN_OBJC_LITERAL_CONVERSION = YES;
				CLANG_WARN_OBJC_ROOT_CLASS = YES_ERROR;
				CLANG_WARN_QUOTED_INCLUDE_IN_FRAMEWORK_HEADER = YES;
				CLANG_WARN_RANGE_LOOP_ANALYSIS = YES;
				CLANG_WARN_STRICT_PROTOTYPES = YES;
				CLANG_WARN_SUSPICIOUS_MOVE = YES;
				CLANG_WARN_UNGUARDED_AVAILABILITY = YES_AGGRESSIVE;
				CLANG_WARN_UNREACHABLE_CODE = YES;
				CLANG_WARN__DUPLICATE_METHOD_MATCH = YES;
				COPY_PHASE_STRIP = NO;
				DEBUG_INFORMATION_FORMAT = dwarf;
				DEVELOPMENT_TEAM = C96D8ZQ5VQ;
				ENABLE_STRICT_OBJC_MSGSEND = YES;
				ENABLE_TESTABILITY = YES;
				ENABLE_USER_SCRIPT_SANDBOXING = YES;
				GCC_C_LANGUAGE_STANDARD = gnu17;
				GCC_DYNAMIC_NO_PIC = NO;
				GCC_NO_COMMON_BLOCKS = YES;
				GCC_OPTIMIZATION_LEVEL = 0;
				GCC_PREPROCESSOR_DEFINITIONS = (
					"DEBUG=1",
					"$(inherited)",
				);
				GCC_WARN_64_TO_32_BIT_CONVERSION = YES;
				GCC_WARN_ABOUT_RETURN_TYPE = YES_ERROR;
				GCC_WARN_UNDECLARED_SELECTOR = YES;
				GCC_WARN_UNINITIALIZED_AUTOS = YES_AGGRESSIVE;
				GCC_WARN_UNUSED_FUNCTION = YES;
				GCC_WARN_UNUSED_VARIABLE = YES;
				IPHONEOS_DEPLOYMENT_TARGET = 18.5;
				LOCALIZATION_PREFERS_STRING_CATALOGS = YES;
				MTL_ENABLE_DEBUG_INFO = INCLUDE_SOURCE;
				MTL_FAST_MATH = YES;
				ONLY_ACTIVE_ARCH = YES;
				SDKROOT = iphoneos;
				SWIFT_ACTIVE_COMPILATION_CONDITIONS = "DEBUG $(inherited)";
				SWIFT_OPTIMIZATION_LEVEL = "-Onone";
			};
			name = Debug;
		};
		04E8CB1C30488AD00067ACC6 /* Release */ = {
			isa = XCBuildConfiguration;
			buildSettings = {
				ALWAYS_SEARCH_USER_PATHS = NO;
				ASSETCATALOG_COMPILER_GENERATE_SWIFT_ASSET_SYMBOL_EXTENSIONS = YES;
				CLANG_ANALYZER_NONNULL = YES;
				CLANG_ANALYZER_NUMBER_OBJECT_CONVERSION = YES_AGGRESSIVE;
				CLANG_CXX_LANGUAGE_STANDARD = "gnu++20";
				CLANG_ENABLE_MODULES = YES;
				CLANG_ENABLE_OBJC_ARC = YES;
				CLANG_ENABLE_OBJC_WEAK = YES;
				CLANG_WARN_BLOCK_CAPTURE_AUTORELEASING = YES;
				CLANG_WARN_BOOL_CONVERSION = YES;
				CLANG_WARN_COMMA = YES;
				CLANG_WARN_CONSTANT_CONVERSION = YES;
				CLANG_WARN_DEPRECATED_OBJC_IMPLEMENTATIONS = YES;
				CLANG_WARN_DIRECT_OBJC_ISA_USAGE = YES_ERROR;
				CLANG_WARN_DOCUMENTATION_COMMENTS = YES;
				CLANG_WARN_EMPTY_BODY = YES;
				CLANG_WARN_ENUM_CONVERSION = YES;
				CLANG_WARN_INFINITE_RECURSION = YES;
				CLANG_WARN_INT_CONVERSION = YES;
				CLANG_WARN_NON_LITERAL_NULL_CONVERSION = YES;
				CLANG_WARN_OBJC_IMPLICIT_RETAIN_SELF = YES;
				CLANG_WARN_OBJC_LITERAL_CONVERSION = YES;
				CLANG_WARN_OBJC_ROOT_CLASS = YES_ERROR;
				CLANG_WARN_QUOTED_INCLUDE_IN_FRAMEWORK_HEADER = YES;
				CLANG_WARN_RANGE_LOOP_ANALYSIS = YES;
				CLANG_WARN_STRICT_PROTOTYPES = YES;
				CLANG_WARN_SUSPICIOUS_MOVE = YES;
				CLANG_WARN_UNGUARDED_AVAILABILITY = YES_AGGRESSIVE;
				CLANG_WARN_UNREACHABLE_CODE = YES;
				CLANG_WARN__DUPLICATE_METHOD_MATCH = YES;
				COPY_PHASE_STRIP = NO;
				DEBUG_INFORMATION_FORMAT = "dwarf-with-dsym";
				DEVELOPMENT_TEAM = C96D8ZQ5VQ;
				ENABLE_NS_ASSERTIONS = NO;
				ENABLE_STRICT_OBJC_MSGSEND = YES;
				ENABLE_USER_SCRIPT_SANDBOXING = YES;
				GCC_C_LANGUAGE_STANDARD = gnu17;
				GCC_NO_COMMON_BLOCKS = YES;
				GCC_WARN_64_TO_32_BIT_CONVERSION = YES;
				GCC_WARN_ABOUT_RETURN_TYPE = YES_ERROR;
				GCC_WARN_UNDECLARED_SELECTOR = YES;
				GCC_WARN_UNINITIALIZED_AUTOS = YES_AGGRESSIVE;
				GCC_WARN_UNUSED_FUNCTION = YES;
				GCC_WARN_UNUSED_VARIABLE = YES;
				IPHONEOS_DEPLOYMENT_TARGET = 18.5;
				LOCALIZATION_PREFERS_STRING_CATALOGS = YES;
				MTL_ENABLE_DEBUG_INFO = NO;
				MTL_FAST_MATH = YES;
				SDKROOT = iphoneos;
				SWIFT_COMPILATION_MODE = wholemodule;
				VALIDATE_PRODUCT = YES;
			};
			name = Release;
		};
		04E8CB1E30488AD00067ACC6 /* Debug */ = {
			isa = XCBuildConfiguration;
			buildSettings = {
				BUNDLE_LOADER = "$(TEST_HOST)";
				CODE_SIGN_STYLE = Automatic;
				CURRENT_PROJECT_VERSION = 1;
				DEVELOPMENT_TEAM = C96D8ZQ5VQ;
				GENERATE_INFOPLIST_FILE = YES;
				IPHONEOS_DEPLOYMENT_TARGET = 18.5;
				MARKETING_VERSION = 1.0;
				PRODUCT_BUNDLE_IDENTIFIER = com.akplayer.example.AKPlayerDemoUIKitTests;
				PRODUCT_NAME = "$(TARGET_NAME)";
				SWIFT_EMIT_LOC_STRINGS = NO;
				SWIFT_VERSION = 5.0;
				TARGETED_DEVICE_FAMILY = "1,2";
				TEST_HOST = "$(BUILT_PRODUCTS_DIR)/AKPlayerDemoUIKit.app/$(BUNDLE_EXECUTABLE_FOLDER_PATH)/AKPlayerDemoUIKit";
			};
			name = Debug;
		};
		04E8CB1F30488AD00067ACC6 /* Release */ = {
			isa = XCBuildConfiguration;
			buildSettings = {
				BUNDLE_LOADER = "$(TEST_HOST)";
				CODE_SIGN_STYLE = Automatic;
				CURRENT_PROJECT_VERSION = 1;
				DEVELOPMENT_TEAM = C96D8ZQ5VQ;
				GENERATE_INFOPLIST_FILE = YES;
				IPHONEOS_DEPLOYMENT_TARGET = 18.5;
				MARKETING_VERSION = 1.0;
				PRODUCT_BUNDLE_IDENTIFIER = com.akplayer.example.AKPlayerDemoUIKitTests;
				PRODUCT_NAME = "$(TARGET_NAME)";
				SWIFT_EMIT_LOC_STRINGS = NO;
				SWIFT_VERSION = 5.0;
				TARGETED_DEVICE_FAMILY = "1,2";
				TEST_HOST = "$(BUILT_PRODUCTS_DIR)/AKPlayerDemoUIKit.app/$(BUNDLE_EXECUTABLE_FOLDER_PATH)/AKPlayerDemoUIKit";
			};
			name = Release;
		};
		04E8CB2130488AD00067ACC6 /* Debug */ = {
			isa = XCBuildConfiguration;
			buildSettings = {
				CODE_SIGN_STYLE = Automatic;
				CURRENT_PROJECT_VERSION = 1;
				DEVELOPMENT_TEAM = C96D8ZQ5VQ;
				GENERATE_INFOPLIST_FILE = YES;
				MARKETING_VERSION = 1.0;
				PRODUCT_BUNDLE_IDENTIFIER = com.akplayer.example.AKPlayerDemoUIKitUITests;
				PRODUCT_NAME = "$(TARGET_NAME)";
				SWIFT_EMIT_LOC_STRINGS = NO;
				SWIFT_VERSION = 5.0;
				TARGETED_DEVICE_FAMILY = "1,2";
				TEST_TARGET_NAME = AKPlayerDemoUIKit;
			};
			name = Debug;
		};
		04E8CB2230488AD00067ACC6 /* Release */ = {
			isa = XCBuildConfiguration;
			buildSettings = {
				CODE_SIGN_STYLE = Automatic;
				CURRENT_PROJECT_VERSION = 1;
				DEVELOPMENT_TEAM = C96D8ZQ5VQ;
				GENERATE_INFOPLIST_FILE = YES;
				MARKETING_VERSION = 1.0;
				PRODUCT_BUNDLE_IDENTIFIER = com.akplayer.example.AKPlayerDemoUIKitUITests;
				PRODUCT_NAME = "$(TARGET_NAME)";
				SWIFT_EMIT_LOC_STRINGS = NO;
				SWIFT_VERSION = 5.0;
				TARGETED_DEVICE_FAMILY = "1,2";
				TEST_TARGET_NAME = AKPlayerDemoUIKit;
			};
			name = Release;
		};
/* End XCBuildConfiguration section */

/* Begin XCConfigurationList section */
		04E8CAEA30488ACE0067ACC6 /* Build configuration list for PBXProject "AKPlayerDemoUIKit" */ = {
			isa = XCConfigurationList;
			buildConfigurations = (
				04E8CB1B30488AD00067ACC6 /* Debug */,
				04E8CB1C30488AD00067ACC6 /* Release */,
			);
			defaultConfigurationIsVisible = 0;
			defaultConfigurationName = Release;
		};
		04E8CB1830488AD00067ACC6 /* Build configuration list for PBXNativeTarget "AKPlayerDemoUIKit" */ = {
			isa = XCConfigurationList;
			buildConfigurations = (
				04E8CB1930488AD00067ACC6 /* Debug */,
				04E8CB1A30488AD00067ACC6 /* Release */,
			);
			defaultConfigurationIsVisible = 0;
			defaultConfigurationName = Release;
		};
		04E8CB1D30488AD00067ACC6 /* Build configuration list for PBXNativeTarget "AKPlayerDemoUIKitTests" */ = {
			isa = XCConfigurationList;
			buildConfigurations = (
				04E8CB1E30488AD00067ACC6 /* Debug */,
				04E8CB1F30488AD00067ACC6 /* Release */,
			);
			defaultConfigurationIsVisible = 0;
			defaultConfigurationName = Release;
		};
		04E8CB2030488AD00067ACC6 /* Build configuration list for PBXNativeTarget "AKPlayerDemoUIKitUITests" */ = {
			isa = XCConfigurationList;
			buildConfigurations = (
				04E8CB2130488AD00067ACC6 /* Debug */,
				04E8CB2230488AD00067ACC6 /* Release */,
			);
			defaultConfigurationIsVisible = 0;
			defaultConfigurationName = Release;
		};
/* End XCConfigurationList section */
	};
	rootObject = 04E8CAE730488ACE0067ACC6 /* Project object */;
}
