// !$*UTF8*$!
{
	archiveVersion = 1;
	classes = {
	};
	objectVersion = 77;
	objects = {

/* Begin PBXContainerItemProxy section */
		04E8CA96304887BB0067ACC6 /* PBXContainerItemProxy */ = {
			isa = PBXContainerItemProxy;
			containerPortal = 04E8CA77304887B80067ACC6 /* Project object */;
			proxyType = 1;
			remoteGlobalIDString = 04E8CA7E304887B80067ACC6;
			remoteInfo = AKPlayerExample;
		};
		04E8CAA0304887BB0067ACC6 /* PBXContainerItemProxy */ = {
			isa = PBXContainerItemProxy;
			containerPortal = 04E8CA77304887B80067ACC6 /* Project object */;
			proxyType = 1;
			remoteGlobalIDString = 04E8CA7E304887B80067ACC6;
			remoteInfo = AKPlayerExample;
		};
/* End PBXContainerItemProxy section */

/* Begin PBXFileReference section */
		04E8CA7F304887B80067ACC6 /* AKPlayerExample.app */ = {isa = PBXFileReference; explicitFileType = wrapper.application; includeInIndex = 0; path = AKPlayerExample.app; sourceTree = BUILT_PRODUCTS_DIR; };
		04E8CA95304887BB0067ACC6 /* AKPlayerExampleTests.xctest */ = {isa = PBXFileReference; explicitFileType = wrapper.cfbundle; includeInIndex = 0; path = AKPlayerExampleTests.xctest; sourceTree = BUILT_PRODUCTS_DIR; };
		04E8CA9F304887BB0067ACC6 /* AKPlayerExampleUITests.xctest */ = {isa = PBXFileReference; explicitFileType = wrapper.cfbundle; includeInIndex = 0; path = AKPlayerExampleUITests.xctest; sourceTree = BUILT_PRODUCTS_DIR; };
/* End PBXFileReference section */

/* Begin PBXFileSystemSynchronizedBuildFileExceptionSet section */
		04E8CAA7304887BB0067ACC6 /* Exceptions for "AKPlayerExample" folder in "AKPlayerExample" target */ = {
			isa = PBXFileSystemSynchronizedBuildFileExceptionSet;
			membershipExceptions = (
				Info.plist,
			);
			target = 04E8CA7E304887B80067ACC6 /* AKPlayerExample */;
		};
/* End PBXFileSystemSynchronizedBuildFileExceptionSet section */

/* Begin PBXFileSystemSynchronizedRootGroup section */
		04E8CA81304887B80067ACC6 /* AKPlayerExample */ = {
			isa = PBXFileSystemSynchronizedRootGroup;
			exceptions = (
				04E8CAA7304887BB0067ACC6 /* Exceptions for "AKPlayerExample" folder in "AKPlayerExample" target */,
			);
			path = AKPlayerExample;
			sourceTree = "<group>";
		};
		04E8CA98304887BB0067ACC6 /* AKPlayerExampleTests */ = {
			isa = PBXFileSystemSynchronizedRootGroup;
			path = AKPlayerExampleTests;
			sourceTree = "<group>";
		};
		04E8CAA2304887BB0067ACC6 /* AKPlayerExampleUITests */ = {
			isa = PBXFileSystemSynchronizedRootGroup;
			path = AKPlayerExampleUITests;
			sourceTree = "<group>";
		};
/* End PBXFileSystemSynchronizedRootGroup section */

/* Begin PBXFrameworksBuildPhase section */
		04E8CA7C304887B80067ACC6 /* Frameworks */ = {
			isa = PBXFrameworksBuildPhase;
			buildActionMask = 2147483647;
			files = (
			);
			runOnlyForDeploymentPostprocessing = 0;
		};
		04E8CA92304887BB0067ACC6 /* Frameworks */ = {
			isa = PBXFrameworksBuildPhase;
			buildActionMask = 2147483647;
			files = (
			);
			runOnlyForDeploymentPostprocessing = 0;
		};
		04E8CA9C304887BB0067ACC6 /* Frameworks */ = {
			isa = PBXFrameworksBuildPhase;
			buildActionMask = 2147483647;
			files = (
			);
			runOnlyForDeploymentPostprocessing = 0;
		};
/* End PBXFrameworksBuildPhase section */

/* Begin PBXGroup section */
		04E8CA76304887B80067ACC6 = {
			isa = PBXGroup;
			children = (
				04E8CA81304887B80067ACC6 /* AKPlayerExample */,
				04E8CA98304887BB0067ACC6 /* AKPlayerExampleTests */,
				04E8CAA2304887BB0067ACC6 /* AKPlayerExampleUITests */,
				04E8CA80304887B80067ACC6 /* Products */,
			);
			sourceTree = "<group>";
		};
		04E8CA80304887B80067ACC6 /* Products */ = {
			isa = PBXGroup;
			children = (
				04E8CA7F304887B80067ACC6 /* AKPlayerExample.app */,
				04E8CA95304887BB0067ACC6 /* AKPlayerExampleTests.xctest */,
				04E8CA9F304887BB0067ACC6 /* AKPlayerExampleUITests.xctest */,
			);
			name = Products;
			sourceTree = "<group>";
		};
/* End PBXGroup section */

/* Begin PBXNativeTarget section */
		04E8CA7E304887B80067ACC6 /* AKPlayerExample */ = {
			isa = PBXNativeTarget;
			buildConfigurationList = 04E8CAA8304887BB0067ACC6 /* Build configuration list for PBXNativeTarget "AKPlayerExample" */;
			buildPhases = (
				04E8CA7B304887B80067ACC6 /* Sources */,
				04E8CA7C304887B80067ACC6 /* Frameworks */,
				04E8CA7D304887B80067ACC6 /* Resources */,
			);
			buildRules = (
			);
			dependencies = (
			);
			fileSystemSynchronizedGroups = (
				04E8CA81304887B80067ACC6 /* AKPlayerExample */,
			);
			name = AKPlayerExample;
			packageProductDependencies = (
			);
			productName = AKPlayerExample;
			productReference = 04E8CA7F304887B80067ACC6 /* AKPlayerExample.app */;
			productType = "com.apple.product-type.application";
		};
		04E8CA94304887BB0067ACC6 /* AKPlayerExampleTests */ = {
			isa = PBXNativeTarget;
			buildConfigurationList = 04E8CAAD304887BB0067ACC6 /* Build configuration list for PBXNativeTarget "AKPlayerExampleTests" */;
			buildPhases = (
				04E8CA91304887BB0067ACC6 /* Sources */,
				04E8CA92304887BB0067ACC6 /* Frameworks */,
				04E8CA93304887BB0067ACC6 /* Resources */,
			);
			buildRules = (
			);
			dependencies = (
				04E8CA97304887BB0067ACC6 /* PBXTargetDependency */,
			);
			fileSystemSynchronizedGroups = (
				04E8CA98304887BB0067ACC6 /* AKPlayerExampleTests */,
			);
			name = AKPlayerExampleTests;
			packageProductDependencies = (
			);
			productName = AKPlayerExampleTests;
			productReference = 04E8CA95304887BB0067ACC6 /* AKPlayerExampleTests.xctest */;
			productType = "com.apple.product-type.bundle.unit-test";
		};
		04E8CA9E304887BB0067ACC6 /* AKPlayerExampleUITests */ = {
			isa = PBXNativeTarget;
			buildConfigurationList = 04E8CAB0304887BB0067ACC6 /* Build configuration list for PBXNativeTarget "AKPlayerExampleUITests" */;
			buildPhases = (
				04E8CA9B304887BB0067ACC6 /* Sources */,
				04E8CA9C304887BB0067ACC6 /* Frameworks */,
				04E8CA9D304887BB0067ACC6 /* Resources */,
			);
			buildRules = (
			);
			dependencies = (
				04E8CAA1304887BB0067ACC6 /* PBXTargetDependency */,
			);
			fileSystemSynchronizedGroups = (
				04E8CAA2304887BB0067ACC6 /* AKPlayerExampleUITests */,
			);
			name = AKPlayerExampleUITests;
			packageProductDependencies = (
			);
			productName = AKPlayerExampleUITests;
			productReference = 04E8CA9F304887BB0067ACC6 /* AKPlayerExampleUITests.xctest */;
			productType = "com.apple.product-type.bundle.ui-testing";
		};
/* End PBXNativeTarget section */

/* Begin PBXProject section */
		04E8CA77304887B80067ACC6 /* Project object */ = {
			isa = PBXProject;
			attributes = {
				BuildIndependentTargetsInParallel = 1;
				LastSwiftUpdateCheck = 1640;
				LastUpgradeCheck = 1640;
				TargetAttributes = {
					04E8CA7E304887B80067ACC6 = {
						CreatedOnToolsVersion = 16.4;
					};
					04E8CA94304887BB0067ACC6 = {
						CreatedOnToolsVersion = 16.4;
						TestTargetID = 04E8CA7E304887B80067ACC6;
					};
					04E8CA9E304887BB0067ACC6 = {
						CreatedOnToolsVersion = 16.4;
						TestTargetID = 04E8CA7E304887B80067ACC6;
					};
				};
			};
			buildConfigurationList = 04E8CA7A304887B80067ACC6 /* Build configuration list for PBXProject "AKPlayerExample" */;
			developmentRegion = en;
			hasScannedForEncodings = 0;
			knownRegions = (
				en,
				Base,
			);
			mainGroup = 04E8CA76304887B80067ACC6;
			minimizedProjectReferenceProxies = 1;
			preferredProjectObjectVersion = 77;
			productRefGroup = 04E8CA80304887B80067ACC6 /* Products */;
			projectDirPath = "";
			projectRoot = "";
			targets = (
				04E8CA7E304887B80067ACC6 /* AKPlayerExample */,
				04E8CA94304887BB0067ACC6 /* AKPlayerExampleTests */,
				04E8CA9E304887BB0067ACC6 /* AKPlayerExampleUITests */,
			);
		};
/* End PBXProject section */

/* Begin PBXResourcesBuildPhase section */
		04E8CA7D304887B80067ACC6 /* Resources */ = {
			isa = PBXResourcesBuildPhase;
			buildActionMask = 2147483647;
			files = (
			);
			runOnlyForDeploymentPostprocessing = 0;
		};
		04E8CA93304887BB0067ACC6 /* Resources */ = {
			isa = PBXResourcesBuildPhase;
			buildActionMask = 2147483647;
			files = (
			);
			runOnlyForDeploymentPostprocessing = 0;
		};
		04E8CA9D304887BB0067ACC6 /* Resources */ = {
			isa = PBXResourcesBuildPhase;
			buildActionMask = 2147483647;
			files = (
			);
			runOnlyForDeploymentPostprocessing = 0;
		};
/* End PBXResourcesBuildPhase section */

/* Begin PBXSourcesBuildPhase section */
		04E8CA7B304887B80067ACC6 /* Sources */ = {
			isa = PBXSourcesBuildPhase;
			buildActionMask = 2147483647;
			files = (
			);
			runOnlyForDeploymentPostprocessing = 0;
		};
		04E8CA91304887BB0067ACC6 /* Sources */ = {
			isa = PBXSourcesBuildPhase;
			buildActionMask = 2147483647;
			files = (
			);
			runOnlyForDeploymentPostprocessing = 0;
		};
		04E8CA9B304887BB0067ACC6 /* Sources */ = {
			isa = PBXSourcesBuildPhase;
			buildActionMask = 2147483647;
			files = (
			);
			runOnlyForDeploymentPostprocessing = 0;
		};
/* End PBXSourcesBuildPhase section */

/* Begin PBXTargetDependency section */
		04E8CA97304887BB0067ACC6 /* PBXTargetDependency */ = {
			isa = PBXTargetDependency;
			target = 04E8CA7E304887B80067ACC6 /* AKPlayerExample */;
			targetProxy = 04E8CA96304887BB0067ACC6 /* PBXContainerItemProxy */;
		};
		04E8CAA1304887BB0067ACC6 /* PBXTargetDependency */ = {
			isa = PBXTargetDependency;
			target = 04E8CA7E304887B80067ACC6 /* AKPlayerExample */;
			targetProxy = 04E8CAA0304887BB0067ACC6 /* PBXContainerItemProxy */;
		};
/* End PBXTargetDependency section */

/* Begin XCBuildConfiguration section */
		04E8CAA9304887BB0067ACC6 /* Debug */ = {
			isa = XCBuildConfiguration;
			buildSettings = {
				ASSETCATALOG_COMPILER_APPICON_NAME = AppIcon;
				ASSETCATALOG_COMPILER_GLOBAL_ACCENT_COLOR_NAME = AccentColor;
				CODE_SIGN_STYLE = Automatic;
				CURRENT_PROJECT_VERSION = 1;
				DEVELOPMENT_TEAM = C96D8ZQ5VQ;
				GENERATE_INFOPLIST_FILE = YES;
				INFOPLIST_FILE = AKPlayerExample/Info.plist;
				INFOPLIST_KEY_UIApplicationSupportsIndirectInputEvents = YES;
				INFOPLIST_KEY_UILaunchStoryboardName = LaunchScreen;
				INFOPLIST_KEY_UIMainStoryboardFile = Main;
				INFOPLIST_KEY_UISupportedInterfaceOrientations_iPad = "UIInterfaceOrientationPortrait UIInterfaceOrientationPortraitUpsideDown UIInterfaceOrientationLandscapeLeft UIInterfaceOrientationLandscapeRight";
				INFOPLIST_KEY_UISupportedInterfaceOrientations_iPhone = "UIInterfaceOrientationPortrait UIInterfaceOrientationLandscapeLeft UIInterfaceOrientationLandscapeRight";
				LD_RUNPATH_SEARCH_PATHS = (
					"$(inherited)",
					"@executable_path/Frameworks",
				);
				MARKETING_VERSION = 1.0;
				PRODUCT_BUNDLE_IDENTIFIER = com.akplayer.example.AKPlayerExample;
				PRODUCT_NAME = "$(TARGET_NAME)";
				SWIFT_EMIT_LOC_STRINGS = YES;
				SWIFT_VERSION = 5.0;
				TARGETED_DEVICE_FAMILY = "1,2";
			};
			name = Debug;
		};
		04E8CAAA304887BB0067ACC6 /* Release */ = {
			isa = XCBuildConfiguration;
			buildSettings = {
				ASSETCATALOG_COMPILER_APPICON_NAME = AppIcon;
				ASSETCATALOG_COMPILER_GLOBAL_ACCENT_COLOR_NAME = AccentColor;
				CODE_SIGN_STYLE = Automatic;
				CURRENT_PROJECT_VERSION = 1;
				DEVELOPMENT_TEAM = C96D8ZQ5VQ;
				GENERATE_INFOPLIST_FILE = YES;
				INFOPLIST_FILE = AKPlayerExample/Info.plist;
				INFOPLIST_KEY_UIApplicationSupportsIndirectInputEvents = YES;
				INFOPLIST_KEY_UILaunchStoryboardName = LaunchScreen;
				INFOPLIST_KEY_UIMainStoryboardFile = Main;
				INFOPLIST_KEY_UISupportedInterfaceOrientations_iPad = "UIInterfaceOrientationPortrait UIInterfaceOrientationPortraitUpsideDown UIInterfaceOrientationLandscapeLeft UIInterfaceOrientationLandscapeRight";
				INFOPLIST_KEY_UISupportedInterfaceOrientations_iPhone = "UIInterfaceOrientationPortrait UIInterfaceOrientationLandscapeLeft UIInterfaceOrientationLandscapeRight";
				LD_RUNPATH_SEARCH_PATHS = (
					"$(inherited)",
					"@executable_path/Frameworks",
				);
				MARKETING_VERSION = 1.0;
				PRODUCT_BUNDLE_IDENTIFIER = com.akplayer.example.AKPlayerExample;
				PRODUCT_NAME = "$(TARGET_NAME)";
				SWIFT_EMIT_LOC_STRINGS = YES;
				SWIFT_VERSION = 5.0;
				TARGETED_DEVICE_FAMILY = "1,2";
			};
			name = Release;
		};
		04E8CAAB304887BB0067ACC6 /* Debug */ = {
			isa = XCBuildConfiguration;
			buildSettings = {
				ALWAYS_SEARCH_USER_PATHS = NO;
				ASSETCATALOG_COMPILER_GENERATE_SWIFT_ASSET_SYMBOL_EXTENSIONS = YES;
				CLANG_ANALYZER_NONNULL = YES;
				CLANG_ANALYZER_NUMBER_OBJECT_CONVERSION = YES_AGGRESSIVE;
				CLANG_CXX_LANGUAGE_STANDARD = "gnu++20";
				CLANG_ENABLE_MODULES = YES;
				CLANG_ENABLE_OBJC_ARC = YES;
				CLANG_ENABLE_OBJC_WEAK = YES;
				CLANG_WARN_BLOCK_CAPTURE_AUTORELEASING = YES;
				CLANG_WARN_BOOL_CONVERSION = YES;
				CLANG_WARN_COMMA = YES;
				CLANG_WARN_CONSTANT_CONVERSION = YES;
				CLANG_WARN_DEPRECATED_OBJC_IMPLEMENTATIONS = YES;
				CLANG_WARN_DIRECT_OBJC_ISA_USAGE = YES_ERROR;
				CLANG_WARN_DOCUMENTATION_COMMENTS = YES;
				CLANG_WARN_EMPTY_BODY = YES;
				CLANG_WARN_ENUM_CONVERSION = YES;
				CLANG_WARN_INFINITE_RECURSION = YES;
				CLANG_WARN_INT_CONVERSION = YES;
				CLANG_WARN_NON_LITERAL_NULL_CONVERSION = YES;
				CLANG_WARN_OBJC_IMPLICIT_RETAIN_SELF = YES;
				CLANG_WARN_OBJC_LITERAL_CONVERSION = YES;
				CLANG_WARN_OBJC_ROOT_CLASS = YES_ERROR;
				CLANG_WARN_QUOTED_INCLUDE_IN_FRAMEWORK_HEADER = YES;
				CLANG_WARN_RANGE_LOOP_ANALYSIS = YES;
				CLANG_WARN_STRICT_PROTOTYPES = YES;
				CLANG_WARN_SUSPICIOUS_MOVE = YES;
				CLANG_WARN_UNGUARDED_AVAILABILITY = YES_AGGRESSIVE;
				CLANG_WARN_UNREACHABLE_CODE = YES;
				CLANG_WARN__DUPLICATE_METHOD_MATCH = YES;
				COPY_PHASE_STRIP = NO;
				DEBUG_INFORMATION_FORMAT = dwarf;
				DEVELOPMENT_TEAM = C96D8ZQ5VQ;
				ENABLE_STRICT_OBJC_MSGSEND = YES;
				ENABLE_TESTABILITY = YES;
				ENABLE_USER_SCRIPT_SANDBOXING = YES;
				GCC_C_LANGUAGE_STANDARD = gnu17;
				GCC_DYNAMIC_NO_PIC = NO;
				GCC_NO_COMMON_BLOCKS = YES;
				GCC_OPTIMIZATION_LEVEL = 0;
				GCC_PREPROCESSOR_DEFINITIONS = (
					"DEBUG=1",
					"$(inherited)",
				);
				GCC_WARN_64_TO_32_BIT_CONVERSION = YES;
				GCC_WARN_ABOUT_RETURN_TYPE = YES_ERROR;
				GCC_WARN_UNDECLARED_SELECTOR = YES;
				GCC_WARN_UNINITIALIZED_AUTOS = YES_AGGRESSIVE;
				GCC_WARN_UNUSED_FUNCTION = YES;
				GCC_WARN_UNUSED_VARIABLE = YES;
				IPHONEOS_DEPLOYMENT_TARGET = 18.5;
				LOCALIZATION_PREFERS_STRING_CATALOGS = YES;
				MTL_ENABLE_DEBUG_INFO = INCLUDE_SOURCE;
				MTL_FAST_MATH = YES;
				ONLY_ACTIVE_ARCH = YES;
				SDKROOT = iphoneos;
				SWIFT_ACTIVE_COMPILATION_CONDITIONS = "DEBUG $(inherited)";
				SWIFT_OPTIMIZATION_LEVEL = "-Onone";
			};
			name = Debug;
		};
		04E8CAAC304887BB0067ACC6 /* Release */ = {
			isa = XCBuildConfiguration;
			buildSettings = {
				ALWAYS_SEARCH_USER_PATHS = NO;
				ASSETCATALOG_COMPILER_GENERATE_SWIFT_ASSET_SYMBOL_EXTENSIONS = YES;
				CLANG_ANALYZER_NONNULL = YES;
				CLANG_ANALYZER_NUMBER_OBJECT_CONVERSION = YES_AGGRESSIVE;
				CLANG_CXX_LANGUAGE_STANDARD = "gnu++20";
				CLANG_ENABLE_MODULES = YES;
				CLANG_ENABLE_OBJC_ARC = YES;
				CLANG_ENABLE_OBJC_WEAK = YES;
				CLANG_WARN_BLOCK_CAPTURE_AUTORELEASING = YES;
				CLANG_WARN_BOOL_CONVERSION = YES;
				CLANG_WARN_COMMA = YES;
				CLANG_WARN_CONSTANT_CONVERSION = YES;
				CLANG_WARN_DEPRECATED_OBJC_IMPLEMENTATIONS = YES;
				CLANG_WARN_DIRECT_OBJC_ISA_USAGE = YES_ERROR;
				CLANG_WARN_DOCUMENTATION_COMMENTS = YES;
				CLANG_WARN_EMPTY_BODY = YES;
				CLANG_WARN_ENUM_CONVERSION = YES;
				CLANG_WARN_INFINITE_RECURSION = YES;
				CLANG_WARN_INT_CONVERSION = YES;
				CLANG_WARN_NON_LITERAL_NULL_CONVERSION = YES;
				CLANG_WARN_OBJC_IMPLICIT_RETAIN_SELF = YES;
				CLANG_WARN_OBJC_LITERAL_CONVERSION = YES;
				CLANG_WARN_OBJC_ROOT_CLASS = YES_ERROR;
				CLANG_WARN_QUOTED_INCLUDE_IN_FRAMEWORK_HEADER = YES;
				CLANG_WARN_RANGE_LOOP_ANALYSIS = YES;
				CLANG_WARN_STRICT_PROTOTYPES = YES;
				CLANG_WARN_SUSPICIOUS_MOVE = YES;
				CLANG_WARN_UNGUARDED_AVAILABILITY = YES_AGGRESSIVE;
				CLANG_WARN_UNREACHABLE_CODE = YES;
				CLANG_WARN__DUPLICATE_METHOD_MATCH = YES;
				COPY_PHASE_STRIP = NO;
				DEBUG_INFORMATION_FORMAT = "dwarf-with-dsym";
				DEVELOPMENT_TEAM = C96D8ZQ5VQ;
				ENABLE_NS_ASSERTIONS = NO;
				ENABLE_STRICT_OBJC_MSGSEND = YES;
				ENABLE_USER_SCRIPT_SANDBOXING = YES;
				GCC_C_LANGUAGE_STANDARD = gnu17;
				GCC_NO_COMMON_BLOCKS = YES;
				GCC_WARN_64_TO_32_BIT_CONVERSION = YES;
				GCC_WARN_ABOUT_RETURN_TYPE = YES_ERROR;
				GCC_WARN_UNDECLARED_SELECTOR = YES;
				GCC_WARN_UNINITIALIZED_AUTOS = YES_AGGRESSIVE;
				GCC_WARN_UNUSED_FUNCTION = YES;
				GCC_WARN_UNUSED_VARIABLE = YES;
				IPHONEOS_DEPLOYMENT_TARGET = 18.5;
				LOCALIZATION_PREFERS_STRING_CATALOGS = YES;
				MTL_ENABLE_DEBUG_INFO = NO;
				MTL_FAST_MATH = YES;
				SDKROOT = iphoneos;
				SWIFT_COMPILATION_MODE = wholemodule;
				VALIDATE_PRODUCT = YES;
			};
			name = Release;
		};
		04E8CAAE304887BB0067ACC6 /* Debug */ = {
			isa = XCBuildConfiguration;
			buildSettings = {
				BUNDLE_LOADER = "$(TEST_HOST)";
				CODE_SIGN_STYLE = Automatic;
				CURRENT_PROJECT_VERSION = 1;
				DEVELOPMENT_TEAM = C96D8ZQ5VQ;
				GENERATE_INFOPLIST_FILE = YES;
				IPHONEOS_DEPLOYMENT_TARGET = 18.5;
				MARKETING_VERSION = 1.0;
				PRODUCT_BUNDLE_IDENTIFIER = com.akplayer.example.AKPlayerExampleTests;
				PRODUCT_NAME = "$(TARGET_NAME)";
				SWIFT_EMIT_LOC_STRINGS = NO;
				SWIFT_VERSION = 5.0;
				TARGETED_DEVICE_FAMILY = "1,2";
				TEST_HOST = "$(BUILT_PRODUCTS_DIR)/AKPlayerExample.app/$(BUNDLE_EXECUTABLE_FOLDER_PATH)/AKPlayerExample";
			};
			name = Debug;
		};
		04E8CAAF304887BB0067ACC6 /* Release */ = {
			isa = XCBuildConfiguration;
			buildSettings = {
				BUNDLE_LOADER = "$(TEST_HOST)";
				CODE_SIGN_STYLE = Automatic;
				CURRENT_PROJECT_VERSION = 1;
				DEVELOPMENT_TEAM = C96D8ZQ5VQ;
				GENERATE_INFOPLIST_FILE = YES;
				IPHONEOS_DEPLOYMENT_TARGET = 18.5;
				MARKETING_VERSION = 1.0;
				PRODUCT_BUNDLE_IDENTIFIER = com.akplayer.example.AKPlayerExampleTests;
				PRODUCT_NAME = "$(TARGET_NAME)";
				SWIFT_EMIT_LOC_STRINGS = NO;
				SWIFT_VERSION = 5.0;
				TARGETED_DEVICE_FAMILY = "1,2";
				TEST_HOST = "$(BUILT_PRODUCTS_DIR)/AKPlayerExample.app/$(BUNDLE_EXECUTABLE_FOLDER_PATH)/AKPlayerExample";
			};
			name = Release;
		};
		04E8CAB1304887BB0067ACC6 /* Debug */ = {
			isa = XCBuildConfiguration;
			buildSettings = {
				CODE_SIGN_STYLE = Automatic;
				CURRENT_PROJECT_VERSION = 1;
				DEVELOPMENT_TEAM = C96D8ZQ5VQ;
				GENERATE_INFOPLIST_FILE = YES;
				MARKETING_VERSION = 1.0;
				PRODUCT_BUNDLE_IDENTIFIER = com.akplayer.example.AKPlayerExampleUITests;
				PRODUCT_NAME = "$(TARGET_NAME)";
				SWIFT_EMIT_LOC_STRINGS = NO;
				SWIFT_VERSION = 5.0;
				TARGETED_DEVICE_FAMILY = "1,2";
				TEST_TARGET_NAME = AKPlayerExample;
			};
			name = Debug;
		};
		04E8CAB2304887BB0067ACC6 /* Release */ = {
			isa = XCBuildConfiguration;
			buildSettings = {
				CODE_SIGN_STYLE = Automatic;
				CURRENT_PROJECT_VERSION = 1;
				DEVELOPMENT_TEAM = C96D8ZQ5VQ;
				GENERATE_INFOPLIST_FILE = YES;
				MARKETING_VERSION = 1.0;
				PRODUCT_BUNDLE_IDENTIFIER = com.akplayer.example.AKPlayerExampleUITests;
				PRODUCT_NAME = "$(TARGET_NAME)";
				SWIFT_EMIT_LOC_STRINGS = NO;
				SWIFT_VERSION = 5.0;
				TARGETED_DEVICE_FAMILY = "1,2";
				TEST_TARGET_NAME = AKPlayerExample;
			};
			name = Release;
		};
/* End XCBuildConfiguration section */

/* Begin XCConfigurationList section */
		04E8CA7A304887B80067ACC6 /* Build configuration list for PBXProject "AKPlayerExample" */ = {
			isa = XCConfigurationList;
			buildConfigurations = (
				04E8CAAB304887BB0067ACC6 /* Debug */,
				04E8CAAC304887BB0067ACC6 /* Release */,
			);
			defaultConfigurationIsVisible = 0;
			defaultConfigurationName = Release;
		};
		04E8CAA8304887BB0067ACC6 /* Build configuration list for PBXNativeTarget "AKPlayerExample" */ = {
			isa = XCConfigurationList;
			buildConfigurations = (
				04E8CAA9304887BB0067ACC6 /* Debug */,
				04E8CAAA304887BB0067ACC6 /* Release */,
			);
			defaultConfigurationIsVisible = 0;
			defaultConfigurationName = Release;
		};
		04E8CAAD304887BB0067ACC6 /* Build configuration list for PBXNativeTarget "AKPlayerExampleTests" */ = {
			isa = XCConfigurationList;
			buildConfigurations = (
				04E8CAAE304887BB0067ACC6 /* Debug */,
				04E8CAAF304887BB0067ACC6 /* Release */,
			);
			defaultConfigurationIsVisible = 0;
			defaultConfigurationName = Release;
		};
		04E8CAB0304887BB0067ACC6 /* Build configuration list for PBXNativeTarget "AKPlayerExampleUITests" */ = {
			isa = XCConfigurationList;
			buildConfigurations = (
				04E8CAB1304887BB0067ACC6 /* Debug */,
				04E8CAB2304887BB0067ACC6 /* Release */,
			);
			defaultConfigurationIsVisible = 0;
			defaultConfigurationName = Release;
		};
/* End XCConfigurationList section */
	};
	rootObject = 04E8CA77304887B80067ACC6 /* Project object */;
}
